
Microsoft Visual Studio Solution File, Format Version 12.00
# Visual Studio 15
VisualStudioVersion = 15.0.28307.421
MinimumVisualStudioVersion = 10.0.40219.1
Project("{FAE04EC0-301F-11D3-BF4B-00C04F79EFBC}") = "nametwitterbot", "nametwitterbot\nametwitterbot.csproj", "{F227D37C-C23D-43BA-AC3B-7E701DC7922F}"
EndProject
Global
	GlobalSection(SolutionConfigurationPlatforms) = preSolution
		Debug|Any CPU = Debug|Any CPU
		Release|Any CPU = Release|Any CPU
	EndGlobalSection
	GlobalSection(ProjectConfigurationPlatforms) = postSolution
		{F227D37C-C23D-43BA-AC3B-7E701DC7922F}.Debug|Any CPU.ActiveCfg = Debug|Any CPU
		{F227D37C-C23D-43BA-AC3B-7E701DC7922F}.Debug|Any CPU.Build.0 = Debug|Any CPU
		{F227D37C-C23D-43BA-AC3B-7E701DC7922F}.Release|Any CPU.ActiveCfg = Release|Any CPU
		{F227D37C-C23D-43BA-AC3B-7E701DC7922F}.Release|Any CPU.Build.0 = Release|Any CPU
	EndGlobalSection
	GlobalSection(SolutionProperties) = preSolution
		HideSolutionNode = FALSE
	EndGlobalSection
	GlobalSection(ExtensibilityGlobals) = postSolution
		SolutionGuid = {902F1258-2D71-4909-9862-2013107E688B}
	EndGlobalSection
EndGlobal
